
Microsoft Visual Studio Solution File, Format Version 12.00
# Visual Studio Version 17
VisualStudioVersion = 17.10.34916.146
MinimumVisualStudioVersion = 10.0.40219.1
Project("{FAE04EC0-301F-11D3-BF4B-00C04F79EFBC}") = "BlazorAiApp", "BlazorAiApp\BlazorAiApp.csproj", "{E41413C5-18B0-4D75-9581-265198EBEDBE}"
EndProject
Global
	GlobalSection(SolutionConfigurationPlatforms) = preSolution
		Debug|Any CPU = Debug|Any CPU
		Release|Any CPU = Release|Any CPU
	EndGlobalSection
	GlobalSection(ProjectConfigurationPlatforms) = postSolution
		{E41413C5-18B0-4D75-9581-265198EBEDBE}.Debug|Any CPU.ActiveCfg = Debug|Any CPU
		{E41413C5-18B0-4D75-9581-265198EBEDBE}.Debug|Any CPU.Build.0 = Debug|Any CPU
		{E41413C5-18B0-4D75-9581-265198EBEDBE}.Release|Any CPU.ActiveCfg = Release|Any CPU
		{E41413C5-18B0-4D75-9581-265198EBEDBE}.Release|Any CPU.Build.0 = Release|Any CPU
	EndGlobalSection
	GlobalSection(SolutionProperties) = preSolution
		HideSolutionNode = FALSE
	EndGlobalSection
	GlobalSection(ExtensibilityGlobals) = postSolution
		SolutionGuid = {58CB2ED1-F47D-4471-84F2-4D86AF219123}
	EndGlobalSection
EndGlobal
